
Microsoft Visual Studio Solution File, Format Version 12.00
# Visual Studio 2013
VisualStudioVersion = 12.0.40629.0
MinimumVisualStudioVersion = 10.0.40219.1
Project("{FAE04EC0-301F-11D3-BF4B-00C04F79EFBC}") = "SpaceEngineers", "SpaceEngineers.csproj", "{5CD034C8-A242-4BD6-94F4-F20C655A69E8}"
EndProject
Project("{2150E333-8FDC-42A3-9474-1A3956D46DE8}") = "VRage", "VRage", "{776E066A-DE02-4627-B6BE-25F0287682E2}"
EndProject
Project("{FAE04EC0-301F-11D3-BF4B-00C04F79EFBC}") = "Sandbox.Game", "..\Sandbox.Game\Sandbox.Game.csproj", "{F77D0A49-F0A1-4E8A-80C8-CBE1842BF2D4}"
EndProject
Project("{FAE04EC0-301F-11D3-BF4B-00C04F79EFBC}") = "VRage.Math", "..\VRage.Math\VRage.Math.csproj", "{40CE67D5-C89F-4A56-AE52-85DB1BEA07FE}"
EndProject
Project("{FAE04EC0-301F-11D3-BF4B-00C04F79EFBC}") = "VRage.Render", "..\VRage.Render\VRage.Render.csproj", "{1713E6CD-808A-4A44-9532-04771499BB01}"
EndProject
Project("{FAE04EC0-301F-11D3-BF4B-00C04F79EFBC}") = "Sandbox.Common", "..\Sandbox.Common\Sandbox.Common.csproj", "{2C96F0AB-7962-4B73-A075-B0E0B09F6195}"
EndProject
Project("{2150E333-8FDC-42A3-9474-1A3956D46DE8}") = "Game", "Game", "{D3CBC58E-2E94-458C-A2BA-35AFA5A0B775}"
EndProject
Project("{FAE04EC0-301F-11D3-BF4B-00C04F79EFBC}") = "VRage.Library", "..\VRage.Library\VRage.Library.csproj", "{26FE022E-42AB-40BE-BA9D-97CBE34E7D99}"
EndProject
Project("{FAE04EC0-301F-11D3-BF4B-00C04F79EFBC}") = "Sandbox.Graphics", "..\Sandbox.Graphics\Sandbox.Graphics.csproj", "{F77D0A49-F0A1-4E8A-80C8-CBE1842BA2D4}"
EndProject
Project("{FAE04EC0-301F-11D3-BF4B-00C04F79EFBC}") = "VRage.Render11", "..\VRage.Render11\VRage.Render11.csproj", "{A5A97AA5-E974-479E-BF93-1202393A4A06}"
EndProject
Project("{FAE04EC0-301F-11D3-BF4B-00C04F79EFBC}") = "VRage", "..\VRage\VRage.csproj", "{1C814936-C9A7-4FAF-B543-28F021D98B6C}"
EndProject
Project("{FAE04EC0-301F-11D3-BF4B-00C04F79EFBC}") = "VRage.Audio", "..\VRage.Audio\VRage.Audio.csproj", "{F77D0A49-F011-4E8A-80C8-CBE1842BF2D4}"
EndProject
Project("{FAE04EC0-301F-11D3-BF4B-00C04F79EFBC}") = "VRage.Input", "..\VRage.Input\VRage.Input.csproj", "{F77D0A49-F0A1-4E8A-80C8-CBF1842BF2D4}"
EndProject
Project("{FAE04EC0-301F-11D3-BF4B-00C04F79EFBC}") = "SpaceEngineers.Game", "..\SpaceEngineers.Game\SpaceEngineers.Game.csproj", "{9F620AAB-5008-4D91-8D8F-8BE6CF26F926}"
EndProject
Project("{FAE04EC0-301F-11D3-BF4B-00C04F79EFBC}") = "VRage.Game", "..\VRage.Game\VRage.Game.csproj", "{4539B5F0-3316-40E6-B032-9FBCAFAAC5BE}"
EndProject
Project("{FAE04EC0-301F-11D3-BF4B-00C04F79EFBC}") = "SpaceEngineers.ObjectBuilders", "..\SpaceEngineers.ObjectBuilders\SpaceEngineers.ObjectBuilders.csproj", "{E48FEB99-6814-4947-8035-8C2B4066DD9B}"
EndProject
Project("{FAE04EC0-301F-11D3-BF4B-00C04F79EFBC}") = "VRage.OpenVRWrapper", "..\VRage.OpenVRWrapper\VRage.OpenVRWrapper.csproj", "{21865086-A876-40B0-9B2E-F20D8B0EA723}"
EndProject
Project("{FAE04EC0-301F-11D3-BF4B-00C04F79EFBC}") = "XB1Interface", "..\XB1Interface\XB1Interface.csproj", "{B6068A9D-54A1-425A-9DFB-87FD9EC5E822}"
EndProject
Project("{FAE04EC0-301F-11D3-BF4B-00C04F79EFBC}") = "VRage.Scripting", "..\VRage.Scripting\VRage.Scripting.csproj", "{47E07DC1-03CB-4668-A031-71816DEF8955}"
EndProject
Project("{FAE04EC0-301F-11D3-BF4B-00C04F79EFBC}") = "VRage.UnitTests", "..\VRage.UnitTests\VRage.UnitTests.csproj", "{1B71BADF-4E94-4062-B835-052392FB9E3F}"
EndProject
Project("{FAE04EC0-301F-11D3-BF4B-00C04F79EFBC}") = "Sandbox.Game.UnitTests", "..\Sandbox.Game.UnitTests\Sandbox.Game.UnitTests.csproj", "{F1FC7FA9-A4DB-4699-846A-8D29F0B8F551}"
EndProject
Project("{2150E333-8FDC-42A3-9474-1A3956D46DE8}") = ".nuget", ".nuget", "{F063433D-1A4F-44D3-9495-177B2FDD55E1}"
	ProjectSection(SolutionItems) = preProject
		.nuget\packages.config = .nuget\packages.config
	EndProjectSection
EndProject
Global
	GlobalSection(SolutionConfigurationPlatforms) = preSolution
		Debug_XB1|x64 = Debug_XB1|x64
		Debug_XB1|x86 = Debug_XB1|x86
		Debug|x64 = Debug|x64
		Debug|x86 = Debug|x86
		Release Official|x64 = Release Official|x64
		Release Official|x86 = Release Official|x86
		Release_XB1|x64 = Release_XB1|x64
		Release_XB1|x86 = Release_XB1|x86
		Release|x64 = Release|x64
		Release|x86 = Release|x86
	EndGlobalSection
	GlobalSection(ProjectConfigurationPlatforms) = postSolution
		{5CD034C8-A242-4BD6-94F4-F20C655A69E8}.Debug_XB1|x64.ActiveCfg = Debug_XB1|x64
		{5CD034C8-A242-4BD6-94F4-F20C655A69E8}.Debug_XB1|x64.Build.0 = Debug_XB1|x64
		{5CD034C8-A242-4BD6-94F4-F20C655A69E8}.Debug_XB1|x86.ActiveCfg = Debug_XB1|x86
		{5CD034C8-A242-4BD6-94F4-F20C655A69E8}.Debug_XB1|x86.Build.0 = Debug_XB1|x86
		{5CD034C8-A242-4BD6-94F4-F20C655A69E8}.Debug|x64.ActiveCfg = Debug|x64
		{5CD034C8-A242-4BD6-94F4-F20C655A69E8}.Debug|x64.Build.0 = Debug|x64
		{5CD034C8-A242-4BD6-94F4-F20C655A69E8}.Debug|x86.ActiveCfg = Debug|x86
		{5CD034C8-A242-4BD6-94F4-F20C655A69E8}.Debug|x86.Build.0 = Debug|x86
		{5CD034C8-A242-4BD6-94F4-F20C655A69E8}.Release Official|x64.ActiveCfg = Release Official|x64
		{5CD034C8-A242-4BD6-94F4-F20C655A69E8}.Release Official|x64.Build.0 = Release Official|x64
		{5CD034C8-A242-4BD6-94F4-F20C655A69E8}.Release Official|x86.ActiveCfg = Release Official|x86
		{5CD034C8-A242-4BD6-94F4-F20C655A69E8}.Release Official|x86.Build.0 = Release Official|x86
		{5CD034C8-A242-4BD6-94F4-F20C655A69E8}.Release_XB1|x64.ActiveCfg = Release_XB1|x64
		{5CD034C8-A242-4BD6-94F4-F20C655A69E8}.Release_XB1|x64.Build.0 = Release_XB1|x64
		{5CD034C8-A242-4BD6-94F4-F20C655A69E8}.Release_XB1|x86.ActiveCfg = Release_XB1|x86
		{5CD034C8-A242-4BD6-94F4-F20C655A69E8}.Release_XB1|x86.Build.0 = Release_XB1|x86
		{5CD034C8-A242-4BD6-94F4-F20C655A69E8}.Release|x64.ActiveCfg = Release|x64
		{5CD034C8-A242-4BD6-94F4-F20C655A69E8}.Release|x64.Build.0 = Release|x64
		{5CD034C8-A242-4BD6-94F4-F20C655A69E8}.Release|x86.ActiveCfg = Release|x86
		{5CD034C8-A242-4BD6-94F4-F20C655A69E8}.Release|x86.Build.0 = Release|x86
		{F77D0A49-F0A1-4E8A-80C8-CBE1842BF2D4}.Debug_XB1|x64.ActiveCfg = Debug_XB1|x64
		{F77D0A49-F0A1-4E8A-80C8-CBE1842BF2D4}.Debug_XB1|x64.Build.0 = Debug_XB1|x64
		{F77D0A49-F0A1-4E8A-80C8-CBE1842BF2D4}.Debug_XB1|x86.ActiveCfg = Debug_XB1|x86
		{F77D0A49-F0A1-4E8A-80C8-CBE1842BF2D4}.Debug_XB1|x86.Build.0 = Debug_XB1|x86
		{F77D0A49-F0A1-4E8A-80C8-CBE1842BF2D4}.Debug|x64.ActiveCfg = Debug|x64
		{F77D0A49-F0A1-4E8A-80C8-CBE1842BF2D4}.Debug|x64.Build.0 = Debug|x64
		{F77D0A49-F0A1-4E8A-80C8-CBE1842BF2D4}.Debug|x86.ActiveCfg = Debug|x86
		{F77D0A49-F0A1-4E8A-80C8-CBE1842BF2D4}.Debug|x86.Build.0 = Debug|x86
		{F77D0A49-F0A1-4E8A-80C8-CBE1842BF2D4}.Release Official|x64.ActiveCfg = Release|x64
		{F77D0A49-F0A1-4E8A-80C8-CBE1842BF2D4}.Release Official|x64.Build.0 = Release|x64
		{F77D0A49-F0A1-4E8A-80C8-CBE1842BF2D4}.Release Official|x86.ActiveCfg = Release|x86
		{F77D0A49-F0A1-4E8A-80C8-CBE1842BF2D4}.Release Official|x86.Build.0 = Release|x86
		{F77D0A49-F0A1-4E8A-80C8-CBE1842BF2D4}.Release_XB1|x64.ActiveCfg = Release_XB1|x64
		{F77D0A49-F0A1-4E8A-80C8-CBE1842BF2D4}.Release_XB1|x64.Build.0 = Release_XB1|x64
		{F77D0A49-F0A1-4E8A-80C8-CBE1842BF2D4}.Release_XB1|x86.ActiveCfg = Release_XB1|x86
		{F77D0A49-F0A1-4E8A-80C8-CBE1842BF2D4}.Release_XB1|x86.Build.0 = Release_XB1|x86
		{F77D0A49-F0A1-4E8A-80C8-CBE1842BF2D4}.Release|x64.ActiveCfg = Release|x64
		{F77D0A49-F0A1-4E8A-80C8-CBE1842BF2D4}.Release|x64.Build.0 = Release|x64
		{F77D0A49-F0A1-4E8A-80C8-CBE1842BF2D4}.Release|x86.ActiveCfg = Release|x86
		{F77D0A49-F0A1-4E8A-80C8-CBE1842BF2D4}.Release|x86.Build.0 = Release|x86
		{40CE67D5-C89F-4A56-AE52-85DB1BEA07FE}.Debug_XB1|x64.ActiveCfg = Debug_XB1|x64
		{40CE67D5-C89F-4A56-AE52-85DB1BEA07FE}.Debug_XB1|x64.Build.0 = Debug_XB1|x64
		{40CE67D5-C89F-4A56-AE52-85DB1BEA07FE}.Debug_XB1|x86.ActiveCfg = Debug_XB1|x86
		{40CE67D5-C89F-4A56-AE52-85DB1BEA07FE}.Debug_XB1|x86.Build.0 = Debug_XB1|x86
		{40CE67D5-C89F-4A56-AE52-85DB1BEA07FE}.Debug|x64.ActiveCfg = Debug|x64
		{40CE67D5-C89F-4A56-AE52-85DB1BEA07FE}.Debug|x64.Build.0 = Debug|x64
		{40CE67D5-C89F-4A56-AE52-85DB1BEA07FE}.Debug|x86.ActiveCfg = Debug|x86
		{40CE67D5-C89F-4A56-AE52-85DB1BEA07FE}.Debug|x86.Build.0 = Debug|x86
		{40CE67D5-C89F-4A56-AE52-85DB1BEA07FE}.Release Official|x64.ActiveCfg = Release|x64
		{40CE67D5-C89F-4A56-AE52-85DB1BEA07FE}.Release Official|x64.Build.0 = Release|x64
		{40CE67D5-C89F-4A56-AE52-85DB1BEA07FE}.Release Official|x86.ActiveCfg = Release|x86
		{40CE67D5-C89F-4A56-AE52-85DB1BEA07FE}.Release Official|x86.Build.0 = Release|x86
		{40CE67D5-C89F-4A56-AE52-85DB1BEA07FE}.Release_XB1|x64.ActiveCfg = Release_XB1|x64
		{40CE67D5-C89F-4A56-AE52-85DB1BEA07FE}.Release_XB1|x64.Build.0 = Release_XB1|x64
		{40CE67D5-C89F-4A56-AE52-85DB1BEA07FE}.Release_XB1|x86.ActiveCfg = Release_XB1|x86
		{40CE67D5-C89F-4A56-AE52-85DB1BEA07FE}.Release_XB1|x86.Build.0 = Release_XB1|x86
		{40CE67D5-C89F-4A56-AE52-85DB1BEA07FE}.Release|x64.ActiveCfg = Release|x64
		{40CE67D5-C89F-4A56-AE52-85DB1BEA07FE}.Release|x64.Build.0 = Release|x64
		{40CE67D5-C89F-4A56-AE52-85DB1BEA07FE}.Release|x86.ActiveCfg = Release|x86
		{40CE67D5-C89F-4A56-AE52-85DB1BEA07FE}.Release|x86.Build.0 = Release|x86
		{1713E6CD-808A-4A44-9532-04771499BB01}.Debug_XB1|x64.ActiveCfg = Debug_XB1|x64
		{1713E6CD-808A-4A44-9532-04771499BB01}.Debug_XB1|x64.Build.0 = Debug_XB1|x64
		{1713E6CD-808A-4A44-9532-04771499BB01}.Debug_XB1|x86.ActiveCfg = Debug_XB1|x86
		{1713E6CD-808A-4A44-9532-04771499BB01}.Debug_XB1|x86.Build.0 = Debug_XB1|x86
		{1713E6CD-808A-4A44-9532-04771499BB01}.Debug|x64.ActiveCfg = Debug|x64
		{1713E6CD-808A-4A44-9532-04771499BB01}.Debug|x64.Build.0 = Debug|x64
		{1713E6CD-808A-4A44-9532-04771499BB01}.Debug|x86.ActiveCfg = Debug|x86
		{1713E6CD-808A-4A44-9532-04771499BB01}.Debug|x86.Build.0 = Debug|x86
		{1713E6CD-808A-4A44-9532-04771499BB01}.Release Official|x64.ActiveCfg = Release|x64
		{1713E6CD-808A-4A44-9532-04771499BB01}.Release Official|x64.Build.0 = Release|x64
		{1713E6CD-808A-4A44-9532-04771499BB01}.Release Official|x86.ActiveCfg = Release|x86
		{1713E6CD-808A-4A44-9532-04771499BB01}.Release Official|x86.Build.0 = Release|x86
		{1713E6CD-808A-4A44-9532-04771499BB01}.Release_XB1|x64.ActiveCfg = Release_XB1|x64
		{1713E6CD-808A-4A44-9532-04771499BB01}.Release_XB1|x64.Build.0 = Release_XB1|x64
		{1713E6CD-808A-4A44-9532-04771499BB01}.Release_XB1|x86.ActiveCfg = Release_XB1|x86
		{1713E6CD-808A-4A44-9532-04771499BB01}.Release_XB1|x86.Build.0 = Release_XB1|x86
		{1713E6CD-808A-4A44-9532-04771499BB01}.Release|x64.ActiveCfg = Release|x64
		{1713E6CD-808A-4A44-9532-04771499BB01}.Release|x64.Build.0 = Release|x64
		{1713E6CD-808A-4A44-9532-04771499BB01}.Release|x86.ActiveCfg = Release|x86
		{1713E6CD-808A-4A44-9532-04771499BB01}.Release|x86.Build.0 = Release|x86
		{2C96F0AB-7962-4B73-A075-B0E0B09F6195}.Debug_XB1|x64.ActiveCfg = Debug_XB1|x64
		{2C96F0AB-7962-4B73-A075-B0E0B09F6195}.Debug_XB1|x64.Build.0 = Debug_XB1|x64
		{2C96F0AB-7962-4B73-A075-B0E0B09F6195}.Debug_XB1|x86.ActiveCfg = Debug_XB1|x86
		{2C96F0AB-7962-4B73-A075-B0E0B09F6195}.Debug_XB1|x86.Build.0 = Debug_XB1|x86
		{2C96F0AB-7962-4B73-A075-B0E0B09F6195}.Debug|x64.ActiveCfg = Debug|x64
		{2C96F0AB-7962-4B73-A075-B0E0B09F6195}.Debug|x64.Build.0 = Debug|x64
		{2C96F0AB-7962-4B73-A075-B0E0B09F6195}.Debug|x86.ActiveCfg = Debug|x86
		{2C96F0AB-7962-4B73-A075-B0E0B09F6195}.Debug|x86.Build.0 = Debug|x86
		{2C96F0AB-7962-4B73-A075-B0E0B09F6195}.Release Official|x64.ActiveCfg = Release Official|x64
		{2C96F0AB-7962-4B73-A075-B0E0B09F6195}.Release Official|x64.Build.0 = Release Official|x64
		{2C96F0AB-7962-4B73-A075-B0E0B09F6195}.Release Official|x86.ActiveCfg = Release Official|x86
		{2C96F0AB-7962-4B73-A075-B0E0B09F6195}.Release Official|x86.Build.0 = Release Official|x86
		{2C96F0AB-7962-4B73-A075-B0E0B09F6195}.Release_XB1|x64.ActiveCfg = Release_XB1|x64
		{2C96F0AB-7962-4B73-A075-B0E0B09F6195}.Release_XB1|x64.Build.0 = Release_XB1|x64
		{2C96F0AB-7962-4B73-A075-B0E0B09F6195}.Release_XB1|x86.ActiveCfg = Release_XB1|x86
		{2C96F0AB-7962-4B73-A075-B0E0B09F6195}.Release_XB1|x86.Build.0 = Release_XB1|x86
		{2C96F0AB-7962-4B73-A075-B0E0B09F6195}.Release|x64.ActiveCfg = Release|x64
		{2C96F0AB-7962-4B73-A075-B0E0B09F6195}.Release|x64.Build.0 = Release|x64
		{2C96F0AB-7962-4B73-A075-B0E0B09F6195}.Release|x86.ActiveCfg = Release|x86
		{2C96F0AB-7962-4B73-A075-B0E0B09F6195}.Release|x86.Build.0 = Release|x86
		{26FE022E-42AB-40BE-BA9D-97CBE34E7D99}.Debug_XB1|x64.ActiveCfg = Debug_XB1|x64
		{26FE022E-42AB-40BE-BA9D-97CBE34E7D99}.Debug_XB1|x64.Build.0 = Debug_XB1|x64
		{26FE022E-42AB-40BE-BA9D-97CBE34E7D99}.Debug_XB1|x86.ActiveCfg = Debug_XB1|x86
		{26FE022E-42AB-40BE-BA9D-97CBE34E7D99}.Debug_XB1|x86.Build.0 = Debug_XB1|x86
		{26FE022E-42AB-40BE-BA9D-97CBE34E7D99}.Debug|x64.ActiveCfg = Debug|x64
		{26FE022E-42AB-40BE-BA9D-97CBE34E7D99}.Debug|x64.Build.0 = Debug|x64
		{26FE022E-42AB-40BE-BA9D-97CBE34E7D99}.Debug|x86.ActiveCfg = Debug|x86
		{26FE022E-42AB-40BE-BA9D-97CBE34E7D99}.Debug|x86.Build.0 = Debug|x86
		{26FE022E-42AB-40BE-BA9D-97CBE34E7D99}.Release Official|x64.ActiveCfg = Release|x64
		{26FE022E-42AB-40BE-BA9D-97CBE34E7D99}.Release Official|x64.Build.0 = Release|x64
		{26FE022E-42AB-40BE-BA9D-97CBE34E7D99}.Release Official|x86.ActiveCfg = Release|x86
		{26FE022E-42AB-40BE-BA9D-97CBE34E7D99}.Release Official|x86.Build.0 = Release|x86
		{26FE022E-42AB-40BE-BA9D-97CBE34E7D99}.Release_XB1|x64.ActiveCfg = Release_XB1|x64
		{26FE022E-42AB-40BE-BA9D-97CBE34E7D99}.Release_XB1|x64.Build.0 = Release_XB1|x64
		{26FE022E-42AB-40BE-BA9D-97CBE34E7D99}.Release_XB1|x86.ActiveCfg = Release_XB1|x86
		{26FE022E-42AB-40BE-BA9D-97CBE34E7D99}.Release_XB1|x86.Build.0 = Release_XB1|x86
		{26FE022E-42AB-40BE-BA9D-97CBE34E7D99}.Release|x64.ActiveCfg = Release|x64
		{26FE022E-42AB-40BE-BA9D-97CBE34E7D99}.Release|x64.Build.0 = Release|x64
		{26FE022E-42AB-40BE-BA9D-97CBE34E7D99}.Release|x86.ActiveCfg = Release|x86
		{26FE022E-42AB-40BE-BA9D-97CBE34E7D99}.Release|x86.Build.0 = Release|x86
		{F77D0A49-F0A1-4E8A-80C8-CBE1842BA2D4}.Debug_XB1|x64.ActiveCfg = Debug_XB1|x64
		{F77D0A49-F0A1-4E8A-80C8-CBE1842BA2D4}.Debug_XB1|x64.Build.0 = Debug_XB1|x64
		{F77D0A49-F0A1-4E8A-80C8-CBE1842BA2D4}.Debug_XB1|x86.ActiveCfg = Debug_XB1|x86
		{F77D0A49-F0A1-4E8A-80C8-CBE1842BA2D4}.Debug_XB1|x86.Build.0 = Debug_XB1|x86
		{F77D0A49-F0A1-4E8A-80C8-CBE1842BA2D4}.Debug|x64.ActiveCfg = Debug|x64
		{F77D0A49-F0A1-4E8A-80C8-CBE1842BA2D4}.Debug|x64.Build.0 = Debug|x64
		{F77D0A49-F0A1-4E8A-80C8-CBE1842BA2D4}.Debug|x86.ActiveCfg = Debug|x86
		{F77D0A49-F0A1-4E8A-80C8-CBE1842BA2D4}.Debug|x86.Build.0 = Debug|x86
		{F77D0A49-F0A1-4E8A-80C8-CBE1842BA2D4}.Release Official|x64.ActiveCfg = Release|x64
		{F77D0A49-F0A1-4E8A-80C8-CBE1842BA2D4}.Release Official|x64.Build.0 = Release|x64
		{F77D0A49-F0A1-4E8A-80C8-CBE1842BA2D4}.Release Official|x86.ActiveCfg = Release|x86
		{F77D0A49-F0A1-4E8A-80C8-CBE1842BA2D4}.Release Official|x86.Build.0 = Release|x86
		{F77D0A49-F0A1-4E8A-80C8-CBE1842BA2D4}.Release_XB1|x64.ActiveCfg = Release_XB1|x64
		{F77D0A49-F0A1-4E8A-80C8-CBE1842BA2D4}.Release_XB1|x64.Build.0 = Release_XB1|x64
		{F77D0A49-F0A1-4E8A-80C8-CBE1842BA2D4}.Release_XB1|x86.ActiveCfg = Release_XB1|x86
		{F77D0A49-F0A1-4E8A-80C8-CBE1842BA2D4}.Release_XB1|x86.Build.0 = Release_XB1|x86
		{F77D0A49-F0A1-4E8A-80C8-CBE1842BA2D4}.Release|x64.ActiveCfg = Release|x64
		{F77D0A49-F0A1-4E8A-80C8-CBE1842BA2D4}.Release|x64.Build.0 = Release|x64
		{F77D0A49-F0A1-4E8A-80C8-CBE1842BA2D4}.Release|x86.ActiveCfg = Release|x86
		{F77D0A49-F0A1-4E8A-80C8-CBE1842BA2D4}.Release|x86.Build.0 = Release|x86
		{A5A97AA5-E974-479E-BF93-1202393A4A06}.Debug_XB1|x64.ActiveCfg = Debug_XB1|x64
		{A5A97AA5-E974-479E-BF93-1202393A4A06}.Debug_XB1|x64.Build.0 = Debug_XB1|x64
		{A5A97AA5-E974-479E-BF93-1202393A4A06}.Debug_XB1|x86.ActiveCfg = Debug_XB1|x86
		{A5A97AA5-E974-479E-BF93-1202393A4A06}.Debug_XB1|x86.Build.0 = Debug_XB1|x86
		{A5A97AA5-E974-479E-BF93-1202393A4A06}.Debug|x64.ActiveCfg = Debug|x64
		{A5A97AA5-E974-479E-BF93-1202393A4A06}.Debug|x64.Build.0 = Debug|x64
		{A5A97AA5-E974-479E-BF93-1202393A4A06}.Debug|x86.ActiveCfg = Debug|x86
		{A5A97AA5-E974-479E-BF93-1202393A4A06}.Debug|x86.Build.0 = Debug|x86
		{A5A97AA5-E974-479E-BF93-1202393A4A06}.Release Official|x64.ActiveCfg = Release|x64
		{A5A97AA5-E974-479E-BF93-1202393A4A06}.Release Official|x64.Build.0 = Release|x64
		{A5A97AA5-E974-479E-BF93-1202393A4A06}.Release Official|x86.ActiveCfg = Release|x86
		{A5A97AA5-E974-479E-BF93-1202393A4A06}.Release Official|x86.Build.0 = Release|x86
		{A5A97AA5-E974-479E-BF93-1202393A4A06}.Release_XB1|x64.ActiveCfg = Release_XB1|x64
		{A5A97AA5-E974-479E-BF93-1202393A4A06}.Release_XB1|x64.Build.0 = Release_XB1|x64
		{A5A97AA5-E974-479E-BF93-1202393A4A06}.Release_XB1|x86.ActiveCfg = Release_XB1|x86
		{A5A97AA5-E974-479E-BF93-1202393A4A06}.Release_XB1|x86.Build.0 = Release_XB1|x86
		{A5A97AA5-E974-479E-BF93-1202393A4A06}.Release|x64.ActiveCfg = Release|x64
		{A5A97AA5-E974-479E-BF93-1202393A4A06}.Release|x64.Build.0 = Release|x64
		{A5A97AA5-E974-479E-BF93-1202393A4A06}.Release|x86.ActiveCfg = Release|x86
		{A5A97AA5-E974-479E-BF93-1202393A4A06}.Release|x86.Build.0 = Release|x86
		{1C814936-C9A7-4FAF-B543-28F021D98B6C}.Debug_XB1|x64.ActiveCfg = Debug_XB1|x64
		{1C814936-C9A7-4FAF-B543-28F021D98B6C}.Debug_XB1|x64.Build.0 = Debug_XB1|x64
		{1C814936-C9A7-4FAF-B543-28F021D98B6C}.Debug_XB1|x86.ActiveCfg = Debug_XB1|x86
		{1C814936-C9A7-4FAF-B543-28F021D98B6C}.Debug_XB1|x86.Build.0 = Debug_XB1|x86
		{1C814936-C9A7-4FAF-B543-28F021D98B6C}.Debug|x64.ActiveCfg = Debug|x64
		{1C814936-C9A7-4FAF-B543-28F021D98B6C}.Debug|x64.Build.0 = Debug|x64
		{1C814936-C9A7-4FAF-B543-28F021D98B6C}.Debug|x86.ActiveCfg = Debug|x86
		{1C814936-C9A7-4FAF-B543-28F021D98B6C}.Debug|x86.Build.0 = Debug|x86
		{1C814936-C9A7-4FAF-B543-28F021D98B6C}.Release Official|x64.ActiveCfg = Release|x64
		{1C814936-C9A7-4FAF-B543-28F021D98B6C}.Release Official|x64.Build.0 = Release|x64
		{1C814936-C9A7-4FAF-B543-28F021D98B6C}.Release Official|x86.ActiveCfg = Release|x86
		{1C814936-C9A7-4FAF-B543-28F021D98B6C}.Release Official|x86.Build.0 = Release|x86
		{1C814936-C9A7-4FAF-B543-28F021D98B6C}.Release_XB1|x64.ActiveCfg = Release_XB1|x64
		{1C814936-C9A7-4FAF-B543-28F021D98B6C}.Release_XB1|x64.Build.0 = Release_XB1|x64
		{1C814936-C9A7-4FAF-B543-28F021D98B6C}.Release_XB1|x86.ActiveCfg = Release_XB1|x86
		{1C814936-C9A7-4FAF-B543-28F021D98B6C}.Release_XB1|x86.Build.0 = Release_XB1|x86
		{1C814936-C9A7-4FAF-B543-28F021D98B6C}.Release|x64.ActiveCfg = Release|x64
		{1C814936-C9A7-4FAF-B543-28F021D98B6C}.Release|x64.Build.0 = Release|x64
		{1C814936-C9A7-4FAF-B543-28F021D98B6C}.Release|x86.ActiveCfg = Release|x86
		{1C814936-C9A7-4FAF-B543-28F021D98B6C}.Release|x86.Build.0 = Release|x86
		{F77D0A49-F011-4E8A-80C8-CBE1842BF2D4}.Debug_XB1|x64.ActiveCfg = Debug_XB1|x64
		{F77D0A49-F011-4E8A-80C8-CBE1842BF2D4}.Debug_XB1|x64.Build.0 = Debug_XB1|x64
		{F77D0A49-F011-4E8A-80C8-CBE1842BF2D4}.Debug_XB1|x86.ActiveCfg = Debug_XB1|x86
		{F77D0A49-F011-4E8A-80C8-CBE1842BF2D4}.Debug_XB1|x86.Build.0 = Debug_XB1|x86
		{F77D0A49-F011-4E8A-80C8-CBE1842BF2D4}.Debug|x64.ActiveCfg = Debug|x64
		{F77D0A49-F011-4E8A-80C8-CBE1842BF2D4}.Debug|x64.Build.0 = Debug|x64
		{F77D0A49-F011-4E8A-80C8-CBE1842BF2D4}.Debug|x86.ActiveCfg = Debug|x86
		{F77D0A49-F011-4E8A-80C8-CBE1842BF2D4}.Debug|x86.Build.0 = Debug|x86
		{F77D0A49-F011-4E8A-80C8-CBE1842BF2D4}.Release Official|x64.ActiveCfg = Release|x64
		{F77D0A49-F011-4E8A-80C8-CBE1842BF2D4}.Release Official|x64.Build.0 = Release|x64
		{F77D0A49-F011-4E8A-80C8-CBE1842BF2D4}.Release Official|x86.ActiveCfg = Release|x86
		{F77D0A49-F011-4E8A-80C8-CBE1842BF2D4}.Release Official|x86.Build.0 = Release|x86
		{F77D0A49-F011-4E8A-80C8-CBE1842BF2D4}.Release_XB1|x64.ActiveCfg = Release_XB1|x64
		{F77D0A49-F011-4E8A-80C8-CBE1842BF2D4}.Release_XB1|x64.Build.0 = Release_XB1|x64
		{F77D0A49-F011-4E8A-80C8-CBE1842BF2D4}.Release_XB1|x86.ActiveCfg = Release_XB1|x86
		{F77D0A49-F011-4E8A-80C8-CBE1842BF2D4}.Release_XB1|x86.Build.0 = Release_XB1|x86
		{F77D0A49-F011-4E8A-80C8-CBE1842BF2D4}.Release|x64.ActiveCfg = Release|x64
		{F77D0A49-F011-4E8A-80C8-CBE1842BF2D4}.Release|x64.Build.0 = Release|x64
		{F77D0A49-F011-4E8A-80C8-CBE1842BF2D4}.Release|x86.ActiveCfg = Release|x86
		{F77D0A49-F011-4E8A-80C8-CBE1842BF2D4}.Release|x86.Build.0 = Release|x86
		{F77D0A49-F0A1-4E8A-80C8-CBF1842BF2D4}.Debug_XB1|x64.ActiveCfg = Debug_XB1|x64
		{F77D0A49-F0A1-4E8A-80C8-CBF1842BF2D4}.Debug_XB1|x64.Build.0 = Debug_XB1|x64
		{F77D0A49-F0A1-4E8A-80C8-CBF1842BF2D4}.Debug_XB1|x86.ActiveCfg = Debug_XB1|x86
		{F77D0A49-F0A1-4E8A-80C8-CBF1842BF2D4}.Debug_XB1|x86.Build.0 = Debug_XB1|x86
		{F77D0A49-F0A1-4E8A-80C8-CBF1842BF2D4}.Debug|x64.ActiveCfg = Debug|x64
		{F77D0A49-F0A1-4E8A-80C8-CBF1842BF2D4}.Debug|x64.Build.0 = Debug|x64
		{F77D0A49-F0A1-4E8A-80C8-CBF1842BF2D4}.Debug|x86.ActiveCfg = Debug|x86
		{F77D0A49-F0A1-4E8A-80C8-CBF1842BF2D4}.Debug|x86.Build.0 = Debug|x86
		{F77D0A49-F0A1-4E8A-80C8-CBF1842BF2D4}.Release Official|x64.ActiveCfg = Release|x64
		{F77D0A49-F0A1-4E8A-80C8-CBF1842BF2D4}.Release Official|x64.Build.0 = Release|x64
		{F77D0A49-F0A1-4E8A-80C8-CBF1842BF2D4}.Release Official|x86.ActiveCfg = Release|x86
		{F77D0A49-F0A1-4E8A-80C8-CBF1842BF2D4}.Release Official|x86.Build.0 = Release|x86
		{F77D0A49-F0A1-4E8A-80C8-CBF1842BF2D4}.Release_XB1|x64.ActiveCfg = Release_XB1|x64
		{F77D0A49-F0A1-4E8A-80C8-CBF1842BF2D4}.Release_XB1|x64.Build.0 = Release_XB1|x64
		{F77D0A49-F0A1-4E8A-80C8-CBF1842BF2D4}.Release_XB1|x86.ActiveCfg = Release_XB1|x86
		{F77D0A49-F0A1-4E8A-80C8-CBF1842BF2D4}.Release_XB1|x86.Build.0 = Release_XB1|x86
		{F77D0A49-F0A1-4E8A-80C8-CBF1842BF2D4}.Release|x64.ActiveCfg = Release|x64
		{F77D0A49-F0A1-4E8A-80C8-CBF1842BF2D4}.Release|x64.Build.0 = Release|x64
		{F77D0A49-F0A1-4E8A-80C8-CBF1842BF2D4}.Release|x86.ActiveCfg = Release|x86
		{F77D0A49-F0A1-4E8A-80C8-CBF1842BF2D4}.Release|x86.Build.0 = Release|x86
		{9F620AAB-5008-4D91-8D8F-8BE6CF26F926}.Debug_XB1|x64.ActiveCfg = Debug_XB1|x64
		{9F620AAB-5008-4D91-8D8F-8BE6CF26F926}.Debug_XB1|x64.Build.0 = Debug_XB1|x64
		{9F620AAB-5008-4D91-8D8F-8BE6CF26F926}.Debug_XB1|x86.ActiveCfg = Debug_XB1|x86
		{9F620AAB-5008-4D91-8D8F-8BE6CF26F926}.Debug_XB1|x86.Build.0 = Debug_XB1|x86
		{9F620AAB-5008-4D91-8D8F-8BE6CF26F926}.Debug|x64.ActiveCfg = Debug|x64
		{9F620AAB-5008-4D91-8D8F-8BE6CF26F926}.Debug|x64.Build.0 = Debug|x64
		{9F620AAB-5008-4D91-8D8F-8BE6CF26F926}.Debug|x86.ActiveCfg = Debug|x86
		{9F620AAB-5008-4D91-8D8F-8BE6CF26F926}.Debug|x86.Build.0 = Debug|x86
		{9F620AAB-5008-4D91-8D8F-8BE6CF26F926}.Release Official|x64.ActiveCfg = Release|x64
		{9F620AAB-5008-4D91-8D8F-8BE6CF26F926}.Release Official|x64.Build.0 = Release|x64
		{9F620AAB-5008-4D91-8D8F-8BE6CF26F926}.Release Official|x86.ActiveCfg = Release|x86
		{9F620AAB-5008-4D91-8D8F-8BE6CF26F926}.Release Official|x86.Build.0 = Release|x86
		{9F620AAB-5008-4D91-8D8F-8BE6CF26F926}.Release_XB1|x64.ActiveCfg = Release_XB1|x64
		{9F620AAB-5008-4D91-8D8F-8BE6CF26F926}.Release_XB1|x64.Build.0 = Release_XB1|x64
		{9F620AAB-5008-4D91-8D8F-8BE6CF26F926}.Release_XB1|x86.ActiveCfg = Release_XB1|x86
		{9F620AAB-5008-4D91-8D8F-8BE6CF26F926}.Release_XB1|x86.Build.0 = Release_XB1|x86
		{9F620AAB-5008-4D91-8D8F-8BE6CF26F926}.Release|x64.ActiveCfg = Release|x64
		{9F620AAB-5008-4D91-8D8F-8BE6CF26F926}.Release|x64.Build.0 = Release|x64
		{9F620AAB-5008-4D91-8D8F-8BE6CF26F926}.Release|x86.ActiveCfg = Release|x86
		{9F620AAB-5008-4D91-8D8F-8BE6CF26F926}.Release|x86.Build.0 = Release|x86
		{4539B5F0-3316-40E6-B032-9FBCAFAAC5BE}.Debug_XB1|x64.ActiveCfg = Debug_XB1|x64
		{4539B5F0-3316-40E6-B032-9FBCAFAAC5BE}.Debug_XB1|x64.Build.0 = Debug_XB1|x64
		{4539B5F0-3316-40E6-B032-9FBCAFAAC5BE}.Debug_XB1|x86.ActiveCfg = Debug_XB1|x86
		{4539B5F0-3316-40E6-B032-9FBCAFAAC5BE}.Debug_XB1|x86.Build.0 = Debug_XB1|x86
		{4539B5F0-3316-40E6-B032-9FBCAFAAC5BE}.Debug|x64.ActiveCfg = Debug|x64
		{4539B5F0-3316-40E6-B032-9FBCAFAAC5BE}.Debug|x64.Build.0 = Debug|x64
		{4539B5F0-3316-40E6-B032-9FBCAFAAC5BE}.Debug|x86.ActiveCfg = Debug|x86
		{4539B5F0-3316-40E6-B032-9FBCAFAAC5BE}.Debug|x86.Build.0 = Debug|x86
		{4539B5F0-3316-40E6-B032-9FBCAFAAC5BE}.Release Official|x64.ActiveCfg = Release Official|x64
		{4539B5F0-3316-40E6-B032-9FBCAFAAC5BE}.Release Official|x64.Build.0 = Release Official|x64
		{4539B5F0-3316-40E6-B032-9FBCAFAAC5BE}.Release Official|x86.ActiveCfg = Release Official|x86
		{4539B5F0-3316-40E6-B032-9FBCAFAAC5BE}.Release Official|x86.Build.0 = Release Official|x86
		{4539B5F0-3316-40E6-B032-9FBCAFAAC5BE}.Release_XB1|x64.ActiveCfg = Release_XB1|x64
		{4539B5F0-3316-40E6-B032-9FBCAFAAC5BE}.Release_XB1|x64.Build.0 = Release_XB1|x64
		{4539B5F0-3316-40E6-B032-9FBCAFAAC5BE}.Release_XB1|x86.ActiveCfg = Release_XB1|x86
		{4539B5F0-3316-40E6-B032-9FBCAFAAC5BE}.Release_XB1|x86.Build.0 = Release_XB1|x86
		{4539B5F0-3316-40E6-B032-9FBCAFAAC5BE}.Release|x64.ActiveCfg = Release|x64
		{4539B5F0-3316-40E6-B032-9FBCAFAAC5BE}.Release|x64.Build.0 = Release|x64
		{4539B5F0-3316-40E6-B032-9FBCAFAAC5BE}.Release|x86.ActiveCfg = Release|x86
		{4539B5F0-3316-40E6-B032-9FBCAFAAC5BE}.Release|x86.Build.0 = Release|x86
		{E48FEB99-6814-4947-8035-8C2B4066DD9B}.Debug_XB1|x64.ActiveCfg = Debug_XB1|x64
		{E48FEB99-6814-4947-8035-8C2B4066DD9B}.Debug_XB1|x64.Build.0 = Debug_XB1|x64
		{E48FEB99-6814-4947-8035-8C2B4066DD9B}.Debug_XB1|x86.ActiveCfg = Debug_XB1|x86
		{E48FEB99-6814-4947-8035-8C2B4066DD9B}.Debug_XB1|x86.Build.0 = Debug_XB1|x86
		{E48FEB99-6814-4947-8035-8C2B4066DD9B}.Debug|x64.ActiveCfg = Debug|x64
		{E48FEB99-6814-4947-8035-8C2B4066DD9B}.Debug|x64.Build.0 = Debug|x64
		{E48FEB99-6814-4947-8035-8C2B4066DD9B}.Debug|x86.ActiveCfg = Debug|x86
		{E48FEB99-6814-4947-8035-8C2B4066DD9B}.Debug|x86.Build.0 = Debug|x86
		{E48FEB99-6814-4947-8035-8C2B4066DD9B}.Release Official|x64.ActiveCfg = Release|x64
		{E48FEB99-6814-4947-8035-8C2B4066DD9B}.Release Official|x64.Build.0 = Release|x64
		{E48FEB99-6814-4947-8035-8C2B4066DD9B}.Release Official|x86.ActiveCfg = Release|x86
		{E48FEB99-6814-4947-8035-8C2B4066DD9B}.Release Official|x86.Build.0 = Release|x86
		{E48FEB99-6814-4947-8035-8C2B4066DD9B}.Release_XB1|x64.ActiveCfg = Release_XB1|x64
		{E48FEB99-6814-4947-8035-8C2B4066DD9B}.Release_XB1|x64.Build.0 = Release_XB1|x64
		{E48FEB99-6814-4947-8035-8C2B4066DD9B}.Release_XB1|x86.ActiveCfg = Release_XB1|x86
		{E48FEB99-6814-4947-8035-8C2B4066DD9B}.Release_XB1|x86.Build.0 = Release_XB1|x86
		{E48FEB99-6814-4947-8035-8C2B4066DD9B}.Release|x64.ActiveCfg = Release|x64
		{E48FEB99-6814-4947-8035-8C2B4066DD9B}.Release|x64.Build.0 = Release|x64
		{E48FEB99-6814-4947-8035-8C2B4066DD9B}.Release|x86.ActiveCfg = Release|x86
		{E48FEB99-6814-4947-8035-8C2B4066DD9B}.Release|x86.Build.0 = Release|x86
		{21865086-A876-40B0-9B2E-F20D8B0EA723}.Debug_XB1|x64.ActiveCfg = Debug_XB1|x64
		{21865086-A876-40B0-9B2E-F20D8B0EA723}.Debug_XB1|x64.Build.0 = Debug_XB1|x64
		{21865086-A876-40B0-9B2E-F20D8B0EA723}.Debug_XB1|x86.ActiveCfg = Debug_XB1|x86
		{21865086-A876-40B0-9B2E-F20D8B0EA723}.Debug_XB1|x86.Build.0 = Debug_XB1|x86
		{21865086-A876-40B0-9B2E-F20D8B0EA723}.Debug|x64.ActiveCfg = Debug|x64
		{21865086-A876-40B0-9B2E-F20D8B0EA723}.Debug|x64.Build.0 = Debug|x64
		{21865086-A876-40B0-9B2E-F20D8B0EA723}.Debug|x86.ActiveCfg = Debug|x86
		{21865086-A876-40B0-9B2E-F20D8B0EA723}.Debug|x86.Build.0 = Debug|x86
		{21865086-A876-40B0-9B2E-F20D8B0EA723}.Release Official|x64.ActiveCfg = Release|x64
		{21865086-A876-40B0-9B2E-F20D8B0EA723}.Release Official|x64.Build.0 = Release|x64
		{21865086-A876-40B0-9B2E-F20D8B0EA723}.Release Official|x86.ActiveCfg = Release|x86
		{21865086-A876-40B0-9B2E-F20D8B0EA723}.Release Official|x86.Build.0 = Release|x86
		{21865086-A876-40B0-9B2E-F20D8B0EA723}.Release_XB1|x64.ActiveCfg = Release_XB1|x64
		{21865086-A876-40B0-9B2E-F20D8B0EA723}.Release_XB1|x64.Build.0 = Release_XB1|x64
		{21865086-A876-40B0-9B2E-F20D8B0EA723}.Release_XB1|x86.ActiveCfg = Release_XB1|x86
		{21865086-A876-40B0-9B2E-F20D8B0EA723}.Release_XB1|x86.Build.0 = Release_XB1|x86
		{21865086-A876-40B0-9B2E-F20D8B0EA723}.Release|x64.ActiveCfg = Release|x64
		{21865086-A876-40B0-9B2E-F20D8B0EA723}.Release|x64.Build.0 = Release|x64
		{21865086-A876-40B0-9B2E-F20D8B0EA723}.Release|x86.ActiveCfg = Release|x86
		{21865086-A876-40B0-9B2E-F20D8B0EA723}.Release|x86.Build.0 = Release|x86
		{B6068A9D-54A1-425A-9DFB-87FD9EC5E822}.Debug_XB1|x64.ActiveCfg = Debug_XB1|x64
		{B6068A9D-54A1-425A-9DFB-87FD9EC5E822}.Debug_XB1|x64.Build.0 = Debug_XB1|x64
		{B6068A9D-54A1-425A-9DFB-87FD9EC5E822}.Debug_XB1|x86.ActiveCfg = Debug_XB1|x86
		{B6068A9D-54A1-425A-9DFB-87FD9EC5E822}.Debug_XB1|x86.Build.0 = Debug_XB1|x86
		{B6068A9D-54A1-425A-9DFB-87FD9EC5E822}.Debug|x64.ActiveCfg = Debug|x64
		{B6068A9D-54A1-425A-9DFB-87FD9EC5E822}.Debug|x86.ActiveCfg = Debug|x86
		{B6068A9D-54A1-425A-9DFB-87FD9EC5E822}.Release Official|x64.ActiveCfg = Release|x64
		{B6068A9D-54A1-425A-9DFB-87FD9EC5E822}.Release Official|x86.ActiveCfg = Release|x86
		{B6068A9D-54A1-425A-9DFB-87FD9EC5E822}.Release_XB1|x64.ActiveCfg = Release_XB1|x64
		{B6068A9D-54A1-425A-9DFB-87FD9EC5E822}.Release_XB1|x64.Build.0 = Release_XB1|x64
		{B6068A9D-54A1-425A-9DFB-87FD9EC5E822}.Release_XB1|x86.ActiveCfg = Release_XB1|x86
		{B6068A9D-54A1-425A-9DFB-87FD9EC5E822}.Release_XB1|x86.Build.0 = Release_XB1|x86
		{B6068A9D-54A1-425A-9DFB-87FD9EC5E822}.Release|x64.ActiveCfg = Release|x64
		{B6068A9D-54A1-425A-9DFB-87FD9EC5E822}.Release|x86.ActiveCfg = Release|x86
		{47E07DC1-03CB-4668-A031-71816DEF8955}.Debug_XB1|x64.ActiveCfg = Debug|x64
		{47E07DC1-03CB-4668-A031-71816DEF8955}.Debug_XB1|x64.Build.0 = Debug|x64
		{47E07DC1-03CB-4668-A031-71816DEF8955}.Debug_XB1|x86.ActiveCfg = Debug|x64
		{47E07DC1-03CB-4668-A031-71816DEF8955}.Debug|x64.ActiveCfg = Debug|x64
		{47E07DC1-03CB-4668-A031-71816DEF8955}.Debug|x64.Build.0 = Debug|x64
		{47E07DC1-03CB-4668-A031-71816DEF8955}.Debug|x86.ActiveCfg = Debug|x64
		{47E07DC1-03CB-4668-A031-71816DEF8955}.Release Official|x64.ActiveCfg = Release|x64
		{47E07DC1-03CB-4668-A031-71816DEF8955}.Release Official|x64.Build.0 = Release|x64
		{47E07DC1-03CB-4668-A031-71816DEF8955}.Release Official|x86.ActiveCfg = Release|x64
		{47E07DC1-03CB-4668-A031-71816DEF8955}.Release Official|x86.Build.0 = Release|x64
		{47E07DC1-03CB-4668-A031-71816DEF8955}.Release_XB1|x64.ActiveCfg = Release|x64
		{47E07DC1-03CB-4668-A031-71816DEF8955}.Release_XB1|x64.Build.0 = Release|x64
		{47E07DC1-03CB-4668-A031-71816DEF8955}.Release_XB1|x86.ActiveCfg = Release|x64
		{47E07DC1-03CB-4668-A031-71816DEF8955}.Release|x64.ActiveCfg = Release|x64
		{47E07DC1-03CB-4668-A031-71816DEF8955}.Release|x64.Build.0 = Release|x64
		{47E07DC1-03CB-4668-A031-71816DEF8955}.Release|x86.ActiveCfg = Release|x64
		{1B71BADF-4E94-4062-B835-052392FB9E3F}.Debug_XB1|x64.ActiveCfg = Debug|x64
		{1B71BADF-4E94-4062-B835-052392FB9E3F}.Debug_XB1|x64.Build.0 = Debug|x64
		{1B71BADF-4E94-4062-B835-052392FB9E3F}.Debug_XB1|x86.ActiveCfg = Debug|Any CPU
		{1B71BADF-4E94-4062-B835-052392FB9E3F}.Debug|x64.ActiveCfg = Debug|x64
		{1B71BADF-4E94-4062-B835-052392FB9E3F}.Debug|x64.Build.0 = Debug|x64
		{1B71BADF-4E94-4062-B835-052392FB9E3F}.Debug|x86.ActiveCfg = Debug|Any CPU
		{1B71BADF-4E94-4062-B835-052392FB9E3F}.Release Official|x64.ActiveCfg = Release|Any CPU
		{1B71BADF-4E94-4062-B835-052392FB9E3F}.Release Official|x86.ActiveCfg = Release|Any CPU
		{1B71BADF-4E94-4062-B835-052392FB9E3F}.Release_XB1|x64.ActiveCfg = Release|x64
		{1B71BADF-4E94-4062-B835-052392FB9E3F}.Release_XB1|x64.Build.0 = Release|x64
		{1B71BADF-4E94-4062-B835-052392FB9E3F}.Release_XB1|x86.ActiveCfg = Release|Any CPU
		{1B71BADF-4E94-4062-B835-052392FB9E3F}.Release|x64.ActiveCfg = Release|Any CPU
		{1B71BADF-4E94-4062-B835-052392FB9E3F}.Release|x86.ActiveCfg = Release|Any CPU
		{F1FC7FA9-A4DB-4699-846A-8D29F0B8F551}.Debug_XB1|x64.ActiveCfg = Debug|x64
		{F1FC7FA9-A4DB-4699-846A-8D29F0B8F551}.Debug_XB1|x64.Build.0 = Debug|x64
		{F1FC7FA9-A4DB-4699-846A-8D29F0B8F551}.Debug_XB1|x86.ActiveCfg = Debug|Any CPU
		{F1FC7FA9-A4DB-4699-846A-8D29F0B8F551}.Debug|x64.ActiveCfg = Debug|x64
		{F1FC7FA9-A4DB-4699-846A-8D29F0B8F551}.Debug|x64.Build.0 = Debug|x64
		{F1FC7FA9-A4DB-4699-846A-8D29F0B8F551}.Debug|x86.ActiveCfg = Debug|Any CPU
		{F1FC7FA9-A4DB-4699-846A-8D29F0B8F551}.Release Official|x64.ActiveCfg = Release|Any CPU
		{F1FC7FA9-A4DB-4699-846A-8D29F0B8F551}.Release Official|x86.ActiveCfg = Release|Any CPU
		{F1FC7FA9-A4DB-4699-846A-8D29F0B8F551}.Release_XB1|x64.ActiveCfg = Release|x64
		{F1FC7FA9-A4DB-4699-846A-8D29F0B8F551}.Release_XB1|x64.Build.0 = Release|x64
		{F1FC7FA9-A4DB-4699-846A-8D29F0B8F551}.Release_XB1|x86.ActiveCfg = Release|Any CPU
		{F1FC7FA9-A4DB-4699-846A-8D29F0B8F551}.Release|x64.ActiveCfg = Release|Any CPU
		{F1FC7FA9-A4DB-4699-846A-8D29F0B8F551}.Release|x86.ActiveCfg = Release|Any CPU
	EndGlobalSection
	GlobalSection(SolutionProperties) = preSolution
		HideSolutionNode = FALSE
	EndGlobalSection
	GlobalSection(NestedProjects) = preSolution
		{F77D0A49-F0A1-4E8A-80C8-CBE1842BF2D4} = {D3CBC58E-2E94-458C-A2BA-35AFA5A0B775}
		{40CE67D5-C89F-4A56-AE52-85DB1BEA07FE} = {776E066A-DE02-4627-B6BE-25F0287682E2}
		{1713E6CD-808A-4A44-9532-04771499BB01} = {776E066A-DE02-4627-B6BE-25F0287682E2}
		{2C96F0AB-7962-4B73-A075-B0E0B09F6195} = {D3CBC58E-2E94-458C-A2BA-35AFA5A0B775}
		{26FE022E-42AB-40BE-BA9D-97CBE34E7D99} = {776E066A-DE02-4627-B6BE-25F0287682E2}
		{F77D0A49-F0A1-4E8A-80C8-CBE1842BA2D4} = {D3CBC58E-2E94-458C-A2BA-35AFA5A0B775}
		{A5A97AA5-E974-479E-BF93-1202393A4A06} = {776E066A-DE02-4627-B6BE-25F0287682E2}
		{1C814936-C9A7-4FAF-B543-28F021D98B6C} = {776E066A-DE02-4627-B6BE-25F0287682E2}
		{F77D0A49-F011-4E8A-80C8-CBE1842BF2D4} = {776E066A-DE02-4627-B6BE-25F0287682E2}
		{F77D0A49-F0A1-4E8A-80C8-CBF1842BF2D4} = {776E066A-DE02-4627-B6BE-25F0287682E2}
		{4539B5F0-3316-40E6-B032-9FBCAFAAC5BE} = {776E066A-DE02-4627-B6BE-25F0287682E2}
		{21865086-A876-40B0-9B2E-F20D8B0EA723} = {776E066A-DE02-4627-B6BE-25F0287682E2}
		{47E07DC1-03CB-4668-A031-71816DEF8955} = {776E066A-DE02-4627-B6BE-25F0287682E2}
		{1B71BADF-4E94-4062-B835-052392FB9E3F} = {776E066A-DE02-4627-B6BE-25F0287682E2}
		{F1FC7FA9-A4DB-4699-846A-8D29F0B8F551} = {D3CBC58E-2E94-458C-A2BA-35AFA5A0B775}
	EndGlobalSection
	GlobalSection(ExtensibilityGlobals) = postSolution
		VisualSVNWorkingCopyRoot = ..
	EndGlobalSection
EndGlobal
